
Microsoft Visual Studio Solution File, Format Version 12.00
# Visual Studio Version 17
VisualStudioVersion = 17.5.002.0
MinimumVisualStudioVersion = 10.0.40219.1
Project("{9A19103F-16F7-4668-BE54-9A1E7A4F7556}") = "Server", "Server\Server.csproj", "{75EC57F0-DA19-47AA-A42E-F4CD1C9A8CAF}"
EndProject
Global
	GlobalSection(SolutionConfigurationPlatforms) = preSolution
		Debug|Any CPU = Debug|Any CPU
		Release|Any CPU = Release|Any CPU
	EndGlobalSection
	GlobalSection(ProjectConfigurationPlatforms) = postSolution
		{75EC57F0-DA19-47AA-A42E-F4CD1C9A8CAF}.Debug|Any CPU.ActiveCfg = Debug|Any CPU
		{75EC57F0-DA19-47AA-A42E-F4CD1C9A8CAF}.Debug|Any CPU.Build.0 = Debug|Any CPU
		{75EC57F0-DA19-47AA-A42E-F4CD1C9A8CAF}.Release|Any CPU.ActiveCfg = Release|Any CPU
		{75EC57F0-DA19-47AA-A42E-F4CD1C9A8CAF}.Release|Any CPU.Build.0 = Release|Any CPU
	EndGlobalSection
	GlobalSection(SolutionProperties) = preSolution
		HideSolutionNode = FALSE
	EndGlobalSection
	GlobalSection(ExtensibilityGlobals) = postSolution
		SolutionGuid = {02BDB011-3588-43C7-A396-D69BE518EFA1}
	EndGlobalSection
EndGlobal
